
Microsoft Visual Studio Solution File, Format Version 12.00
# Visual Studio 15
VisualStudioVersion = 15.0.27703.2026
MinimumVisualStudioVersion = 10.0.40219.1
Project("{FAE04EC0-301F-11D3-BF4B-00C04F79EFBC}") = "Drawing", "Drawing\Drawing.csproj", "{04DAC5F1-2D8B-470C-AFB2-139268145931}"
EndProject
Global
	GlobalSection(SolutionConfigurationPlatforms) = preSolution
		Debug|Any CPU = Debug|Any CPU
		Release|Any CPU = Release|Any CPU
	EndGlobalSection
	GlobalSection(ProjectConfigurationPlatforms) = postSolution
		{04DAC5F1-2D8B-470C-AFB2-139268145931}.Debug|Any CPU.ActiveCfg = Debug|Any CPU
		{04DAC5F1-2D8B-470C-AFB2-139268145931}.Debug|Any CPU.Build.0 = Debug|Any CPU
		{04DAC5F1-2D8B-470C-AFB2-139268145931}.Release|Any CPU.ActiveCfg = Release|Any CPU
		{04DAC5F1-2D8B-470C-AFB2-139268145931}.Release|Any CPU.Build.0 = Release|Any CPU
	EndGlobalSection
	GlobalSection(SolutionProperties) = preSolution
		HideSolutionNode = FALSE
	EndGlobalSection
	GlobalSection(ExtensibilityGlobals) = postSolution
		SolutionGuid = {AB7DAB16-680F-4D6C-9550-3B57C009E1A6}
	EndGlobalSection
EndGlobal
